// !$*UTF8*$!
{
	archiveVersion = 1;
	classes = {
	};
	objectVersion = 55;
	objects = {

/* Begin PBXBuildFile section */
		E9942F3A27817D7600C12464 /* AppDelegate.swift in Sources */ = {isa = PBXBuildFile; fileRef = E9942F3927817D7600C12464 /* AppDelegate.swift */; };
		E9942F3C27817D7600C12464 /* SceneDelegate.swift in Sources */ = {isa = PBXBuildFile; fileRef = E9942F3B27817D7600C12464 /* SceneDelegate.swift */; };
		E9942F4127817D7600C12464 /* Main.storyboard in Resources */ = {isa = PBXBuildFile; fileRef = E9942F3F27817D7600C12464 /* Main.storyboard */; };
		E9942F4327817D7700C12464 /* Assets.xcassets in Resources */ = {isa = PBXBuildFile; fileRef = E9942F4227817D7700C12464 /* Assets.xcassets */; };
		E9942F5127817D7800C12464 /* CannaShareGroupActivityTests.swift in Sources */ = {isa = PBXBuildFile; fileRef = E9942F5027817D7800C12464 /* CannaShareGroupActivityTests.swift */; };
		E9942F5B27817D7800C12464 /* CannaShareGroupActivityUITests.swift in Sources */ = {isa = PBXBuildFile; fileRef = E9942F5A27817D7800C12464 /* CannaShareGroupActivityUITests.swift */; };
		E9942F5D27817D7800C12464 /* CannaShareGroupActivityUITestsLaunchTests.swift in Sources */ = {isa = PBXBuildFile; fileRef = E9942F5C27817D7800C12464 /* CannaShareGroupActivityUITestsLaunchTests.swift */; };
		E9942F7027817E9F00C12464 /* Cannabis.swift in Sources */ = {isa = PBXBuildFile; fileRef = E9942F6F27817E9F00C12464 /* Cannabis.swift */; };
		E9942F7227817EE100C12464 /* GangaShareActivity .swift in Sources */ = {isa = PBXBuildFile; fileRef = E9942F7127817EE100C12464 /* GangaShareActivity .swift */; };
		E9942F74278188D600C12464 /* ActivityViewController.swift in Sources */ = {isa = PBXBuildFile; fileRef = E9942F73278188D600C12464 /* ActivityViewController.swift */; };
/* End PBXBuildFile section */

/* Begin PBXContainerItemProxy section */
		E9942F4D27817D7800C12464 /* PBXContainerItemProxy */ = {
			isa = PBXContainerItemProxy;
			containerPortal = E9942F2E27817D7600C12464 /* Project object */;
			proxyType = 1;
			remoteGlobalIDString = E9942F3527817D7600C12464;
			remoteInfo = CannaShareGroupActivity;
		};
		E9942F5727817D7800C12464 /* PBXContainerItemProxy */ = {
			isa = PBXContainerItemProxy;
			containerPortal = E9942F2E27817D7600C12464 /* Project object */;
			proxyType = 1;
			remoteGlobalIDString = E9942F3527817D7600C12464;
			remoteInfo = CannaShareGroupActivity;
		};
/* End PBXContainerItemProxy section */

/* Begin PBXFileReference section */
		E9942F3627817D7600C12464 /* CannaShareGroupActivity.app */ = {isa = PBXFileReference; explicitFileType = wrapper.application; includeInIndex = 0; path = CannaShareGroupActivity.app; sourceTree = BUILT_PRODUCTS_DIR; };
		E9942F3927817D7600C12464 /* AppDelegate.swift */ = {isa = PBXFileReference; lastKnownFileType = sourcecode.swift; path = AppDelegate.swift; sourceTree = "<group>"; };
		E9942F3B27817D7600C12464 /* SceneDelegate.swift */ = {isa = PBXFileReference; lastKnownFileType = sourcecode.swift; path = SceneDelegate.swift; sourceTree = "<group>"; };
		E9942F4027817D7600C12464 /* Base */ = {isa = PBXFileReference; lastKnownFileType = file.storyboard; name = Base; path = Base.lproj/Main.storyboard; sourceTree = "<group>"; };
		E9942F4227817D7700C12464 /* Assets.xcassets */ = {isa = PBXFileReference; lastKnownFileType = folder.assetcatalog; path = Assets.xcassets; sourceTree = "<group>"; };
		E9942F4727817D7700C12464 /* Info.plist */ = {isa = PBXFileReference; lastKnownFileType = text.plist.xml; path = Info.plist; sourceTree = "<group>"; };
		E9942F4C27817D7800C12464 /* CannaShareGroupActivityTests.xctest */ = {isa = PBXFileReference; explicitFileType = wrapper.cfbundle; includeInIndex = 0; path = CannaShareGroupActivityTests.xctest; sourceTree = BUILT_PRODUCTS_DIR; };
		E9942F5027817D7800C12464 /* CannaShareGroupActivityTests.swift */ = {isa = PBXFileReference; lastKnownFileType = sourcecode.swift; path = CannaShareGroupActivityTests.swift; sourceTree = "<group>"; };
		E9942F5627817D7800C12464 /* CannaShareGroupActivityUITests.xctest */ = {isa = PBXFileReference; explicitFileType = wrapper.cfbundle; includeInIndex = 0; path = CannaShareGroupActivityUITests.xctest; sourceTree = BUILT_PRODUCTS_DIR; };
		E9942F5A27817D7800C12464 /* CannaShareGroupActivityUITests.swift */ = {isa = PBXFileReference; lastKnownFileType = sourcecode.swift; path = CannaShareGroupActivityUITests.swift; sourceTree = "<group>"; };
		E9942F5C27817D7800C12464 /* CannaShareGroupActivityUITestsLaunchTests.swift */ = {isa = PBXFileReference; lastKnownFileType = sourcecode.swift; path = CannaShareGroupActivityUITestsLaunchTests.swift; sourceTree = "<group>"; };
		E9942F6F27817E9F00C12464 /* Cannabis.swift */ = {isa = PBXFileReference; lastKnownFileType = sourcecode.swift; path = Cannabis.swift; sourceTree = "<group>"; };
		E9942F7127817EE100C12464 /* GangaShareActivity .swift */ = {isa = PBXFileReference; lastKnownFileType = sourcecode.swift; path = "GangaShareActivity .swift"; sourceTree = "<group>"; };
		E9942F73278188D600C12464 /* ActivityViewController.swift */ = {isa = PBXFileReference; lastKnownFileType = sourcecode.swift; path = ActivityViewController.swift; sourceTree = "<group>"; };
		E9942F7527818E4F00C12464 /* CannaShareGroupActivity.entitlements */ = {isa = PBXFileReference; lastKnownFileType = text.plist.entitlements; name = CannaShareGroupActivity.entitlements; path = "../../../../Library/Mobile Documents/com~apple~CloudDocs/.Trash/CannaShareGroupActivity.entitlements"; sourceTree = "<group>"; };
		E9942F762781909100C12464 /* CannaShareGroupActivity.entitlements */ = {isa = PBXFileReference; lastKnownFileType = text.plist.entitlements; path = CannaShareGroupActivity.entitlements; sourceTree = "<group>"; };
/* End PBXFileReference section */

/* Begin PBXFrameworksBuildPhase section */
		E9942F3327817D7600C12464 /* Frameworks */ = {
			isa = PBXFrameworksBuildPhase;
			buildActionMask = 2147483647;
			files = (
			);
			runOnlyForDeploymentPostprocessing = 0;
		};
		E9942F4927817D7800C12464 /* Frameworks */ = {
			isa = PBXFrameworksBuildPhase;
			buildActionMask = 2147483647;
			files = (
			);
			runOnlyForDeploymentPostprocessing = 0;
		};
		E9942F5327817D7800C12464 /* Frameworks */ = {
			isa = PBXFrameworksBuildPhase;
			buildActionMask = 2147483647;
			files = (
			);
			runOnlyForDeploymentPostprocessing = 0;
		};
/* End PBXFrameworksBuildPhase section */

/* Begin PBXGroup section */
		E9942F2D27817D7600C12464 = {
			isa = PBXGroup;
			children = (
				E9942F3827817D7600C12464 /* CannaShareGroupActivity */,
				E9942F4F27817D7800C12464 /* CannaShareGroupActivityTests */,
				E9942F5927817D7800C12464 /* CannaShareGroupActivityUITests */,
				E9942F3727817D7600C12464 /* Products */,
			);
			sourceTree = "<group>";
		};
		E9942F3727817D7600C12464 /* Products */ = {
			isa = PBXGroup;
			children = (
				E9942F3627817D7600C12464 /* CannaShareGroupActivity.app */,
				E9942F4C27817D7800C12464 /* CannaShareGroupActivityTests.xctest */,
				E9942F5627817D7800C12464 /* CannaShareGroupActivityUITests.xctest */,
			);
			name = Products;
			sourceTree = "<group>";
		};
		E9942F3827817D7600C12464 /* CannaShareGroupActivity */ = {
			isa = PBXGroup;
			children = (
				E9942F3927817D7600C12464 /* AppDelegate.swift */,
				E9942F3B27817D7600C12464 /* SceneDelegate.swift */,
				E9942F3F27817D7600C12464 /* Main.storyboard */,
				E9942F7527818E4F00C12464 /* CannaShareGroupActivity.entitlements */,
				E9942F6E27817DAF00C12464 /* ViewControllers */,
				E9942F6D27817DAA00C12464 /* Views */,
				E9942F6B27817DA500C12464 /* Controllers */,
				E9942F6C27817DA800C12464 /* Models */,
				E9942F6A27817DA200C12464 /* Resources */,
			);
			path = CannaShareGroupActivity;
			sourceTree = "<group>";
		};
		E9942F4F27817D7800C12464 /* CannaShareGroupActivityTests */ = {
			isa = PBXGroup;
			children = (
				E9942F5027817D7800C12464 /* CannaShareGroupActivityTests.swift */,
			);
			path = CannaShareGroupActivityTests;
			sourceTree = "<group>";
		};
		E9942F5927817D7800C12464 /* CannaShareGroupActivityUITests */ = {
			isa = PBXGroup;
			children = (
				E9942F5A27817D7800C12464 /* CannaShareGroupActivityUITests.swift */,
				E9942F5C27817D7800C12464 /* CannaShareGroupActivityUITestsLaunchTests.swift */,
			);
			path = CannaShareGroupActivityUITests;
			sourceTree = "<group>";
		};
		E9942F6A27817DA200C12464 /* Resources */ = {
			isa = PBXGroup;
			children = (
				E9942F762781909100C12464 /* CannaShareGroupActivity.entitlements */,
				E9942F4727817D7700C12464 /* Info.plist */,
				E9942F4227817D7700C12464 /* Assets.xcassets */,
			);
			path = Resources;
			sourceTree = "<group>";
		};
		E9942F6B27817DA500C12464 /* Controllers */ = {
			isa = PBXGroup;
			children = (
			);
			path = Controllers;
			sourceTree = "<group>";
		};
		E9942F6C27817DA800C12464 /* Models */ = {
			isa = PBXGroup;
			children = (
				E9942F6F27817E9F00C12464 /* Cannabis.swift */,
				E9942F7127817EE100C12464 /* GangaShareActivity .swift */,
			);
			path = Models;
			sourceTree = "<group>";
		};
		E9942F6D27817DAA00C12464 /* Views */ = {
			isa = PBXGroup;
			children = (
			);
			path = Views;
			sourceTree = "<group>";
		};
		E9942F6E27817DAF00C12464 /* ViewControllers */ = {
			isa = PBXGroup;
			children = (
				E9942F73278188D600C12464 /* ActivityViewController.swift */,
			);
			path = ViewControllers;
			sourceTree = "<group>";
		};
/* End PBXGroup section */

/* Begin PBXNativeTarget section */
		E9942F3527817D7600C12464 /* CannaShareGroupActivity */ = {
			isa = PBXNativeTarget;
			buildConfigurationList = E9942F6027817D7800C12464 /* Build configuration list for PBXNativeTarget "CannaShareGroupActivity" */;
			buildPhases = (
				E9942F3227817D7600C12464 /* Sources */,
				E9942F3327817D7600C12464 /* Frameworks */,
				E9942F3427817D7600C12464 /* Resources */,
			);
			buildRules = (
			);
			dependencies = (
			);
			name = CannaShareGroupActivity;
			productName = CannaShareGroupActivity;
			productReference = E9942F3627817D7600C12464 /* CannaShareGroupActivity.app */;
			productType = "com.apple.product-type.application";
		};
		E9942F4B27817D7800C12464 /* CannaShareGroupActivityTests */ = {
			isa = PBXNativeTarget;
			buildConfigurationList = E9942F6327817D7800C12464 /* Build configuration list for PBXNativeTarget "CannaShareGroupActivityTests" */;
			buildPhases = (
				E9942F4827817D7800C12464 /* Sources */,
				E9942F4927817D7800C12464 /* Frameworks */,
				E9942F4A27817D7800C12464 /* Resources */,
			);
			buildRules = (
			);
			dependencies = (
				E9942F4E27817D7800C12464 /* PBXTargetDependency */,
			);
			name = CannaShareGroupActivityTests;
			productName = CannaShareGroupActivityTests;
			productReference = E9942F4C27817D7800C12464 /* CannaShareGroupActivityTests.xctest */;
			productType = "com.apple.product-type.bundle.unit-test";
		};
		E9942F5527817D7800C12464 /* CannaShareGroupActivityUITests */ = {
			isa = PBXNativeTarget;
			buildConfigurationList = E9942F6627817D7800C12464 /* Build configuration list for PBXNativeTarget "CannaShareGroupActivityUITests" */;
			buildPhases = (
				E9942F5227817D7800C12464 /* Sources */,
				E9942F5327817D7800C12464 /* Frameworks */,
				E9942F5427817D7800C12464 /* Resources */,
			);
			buildRules = (
			);
			dependencies = (
				E9942F5827817D7800C12464 /* PBXTargetDependency */,
			);
			name = CannaShareGroupActivityUITests;
			productName = CannaShareGroupActivityUITests;
			productReference = E9942F5627817D7800C12464 /* CannaShareGroupActivityUITests.xctest */;
			productType = "com.apple.product-type.bundle.ui-testing";
		};
/* End PBXNativeTarget section */

/* Begin PBXProject section */
		E9942F2E27817D7600C12464 /* Project object */ = {
			isa = PBXProject;
			attributes = {
				BuildIndependentTargetsInParallel = 1;
				LastSwiftUpdateCheck = 1320;
				LastUpgradeCheck = 1320;
				TargetAttributes = {
					E9942F3527817D7600C12464 = {
						CreatedOnToolsVersion = 13.2.1;
					};
					E9942F4B27817D7800C12464 = {
						CreatedOnToolsVersion = 13.2.1;
						TestTargetID = E9942F3527817D7600C12464;
					};
					E9942F5527817D7800C12464 = {
						CreatedOnToolsVersion = 13.2.1;
						TestTargetID = E9942F3527817D7600C12464;
					};
				};
			};
			buildConfigurationList = E9942F3127817D7600C12464 /* Build configuration list for PBXProject "CannaShareGroupActivity" */;
			compatibilityVersion = "Xcode 13.0";
			developmentRegion = en;
			hasScannedForEncodings = 0;
			knownRegions = (
				en,
				Base,
			);
			mainGroup = E9942F2D27817D7600C12464;
			productRefGroup = E9942F3727817D7600C12464 /* Products */;
			projectDirPath = "";
			projectRoot = "";
			targets = (
				E9942F3527817D7600C12464 /* CannaShareGroupActivity */,
				E9942F4B27817D7800C12464 /* CannaShareGroupActivityTests */,
				E9942F5527817D7800C12464 /* CannaShareGroupActivityUITests */,
			);
		};
/* End PBXProject section */

/* Begin PBXResourcesBuildPhase section */
		E9942F3427817D7600C12464 /* Resources */ = {
			isa = PBXResourcesBuildPhase;
			buildActionMask = 2147483647;
			files = (
				E9942F4327817D7700C12464 /* Assets.xcassets in Resources */,
				E9942F4127817D7600C12464 /* Main.storyboard in Resources */,
			);
			runOnlyForDeploymentPostprocessing = 0;
		};
		E9942F4A27817D7800C12464 /* Resources */ = {
			isa = PBXResourcesBuildPhase;
			buildActionMask = 2147483647;
			files = (
			);
			runOnlyForDeploymentPostprocessing = 0;
		};
		E9942F5427817D7800C12464 /* Resources */ = {
			isa = PBXResourcesBuildPhase;
			buildActionMask = 2147483647;
			files = (
			);
			runOnlyForDeploymentPostprocessing = 0;
		};
/* End PBXResourcesBuildPhase section */

/* Begin PBXSourcesBuildPhase section */
		E9942F3227817D7600C12464 /* Sources */ = {
			isa = PBXSourcesBuildPhase;
			buildActionMask = 2147483647;
			files = (
				E9942F7027817E9F00C12464 /* Cannabis.swift in Sources */,
				E9942F74278188D600C12464 /* ActivityViewController.swift in Sources */,
				E9942F3A27817D7600C12464 /* AppDelegate.swift in Sources */,
				E9942F7227817EE100C12464 /* GangaShareActivity .swift in Sources */,
				E9942F3C27817D7600C12464 /* SceneDelegate.swift in Sources */,
			);
			runOnlyForDeploymentPostprocessing = 0;
		};
		E9942F4827817D7800C12464 /* Sources */ = {
			isa = PBXSourcesBuildPhase;
			buildActionMask = 2147483647;
			files = (
				E9942F5127817D7800C12464 /* CannaShareGroupActivityTests.swift in Sources */,
			);
			runOnlyForDeploymentPostprocessing = 0;
		};
		E9942F5227817D7800C12464 /* Sources */ = {
			isa = PBXSourcesBuildPhase;
			buildActionMask = 2147483647;
			files = (
				E9942F5B27817D7800C12464 /* CannaShareGroupActivityUITests.swift in Sources */,
				E9942F5D27817D7800C12464 /* CannaShareGroupActivityUITestsLaunchTests.swift in Sources */,
			);
			runOnlyForDeploymentPostprocessing = 0;
		};
/* End PBXSourcesBuildPhase section */

/* Begin PBXTargetDependency section */
		E9942F4E27817D7800C12464 /* PBXTargetDependency */ = {
			isa = PBXTargetDependency;
			target = E9942F3527817D7600C12464 /* CannaShareGroupActivity */;
			targetProxy = E9942F4D27817D7800C12464 /* PBXContainerItemProxy */;
		};
		E9942F5827817D7800C12464 /* PBXTargetDependency */ = {
			isa = PBXTargetDependency;
			target = E9942F3527817D7600C12464 /* CannaShareGroupActivity */;
			targetProxy = E9942F5727817D7800C12464 /* PBXContainerItemProxy */;
		};
/* End PBXTargetDependency section */

/* Begin PBXVariantGroup section */
		E9942F3F27817D7600C12464 /* Main.storyboard */ = {
			isa = PBXVariantGroup;
			children = (
				E9942F4027817D7600C12464 /* Base */,
			);
			name = Main.storyboard;
			sourceTree = "<group>";
		};
/* End PBXVariantGroup section */

/* Begin XCBuildConfiguration section */
		E9942F5E27817D7800C12464 /* Debug */ = {
			isa = XCBuildConfiguration;
			buildSettings = {
				ALWAYS_SEARCH_USER_PATHS = NO;
				CLANG_ANALYZER_NONNULL = YES;
				CLANG_ANALYZER_NUMBER_OBJECT_CONVERSION = YES_AGGRESSIVE;
				CLANG_CXX_LANGUAGE_STANDARD = "gnu++17";
				CLANG_CXX_LIBRARY = "libc++";
				CLANG_ENABLE_MODULES = YES;
				CLANG_ENABLE_OBJC_ARC = YES;
				CLANG_ENABLE_OBJC_WEAK = YES;
				CLANG_WARN_BLOCK_CAPTURE_AUTORELEASING = YES;
				CLANG_WARN_BOOL_CONVERSION = YES;
				CLANG_WARN_COMMA = YES;
				CLANG_WARN_CONSTANT_CONVERSION = YES;
				CLANG_WARN_DEPRECATED_OBJC_IMPLEMENTATIONS = YES;
				CLANG_WARN_DIRECT_OBJC_ISA_USAGE = YES_ERROR;
				CLANG_WARN_DOCUMENTATION_COMMENTS = YES;
				CLANG_WARN_EMPTY_BODY = YES;
				CLANG_WARN_ENUM_CONVERSION = YES;
				CLANG_WARN_INFINITE_RECURSION = YES;
				CLANG_WARN_INT_CONVERSION = YES;
				CLANG_WARN_NON_LITERAL_NULL_CONVERSION = YES;
				CLANG_WARN_OBJC_IMPLICIT_RETAIN_SELF = YES;
				CLANG_WARN_OBJC_LITERAL_CONVERSION = YES;
				CLANG_WARN_OBJC_ROOT_CLASS = YES_ERROR;
				CLANG_WARN_QUOTED_INCLUDE_IN_FRAMEWORK_HEADER = YES;
				CLANG_WARN_RANGE_LOOP_ANALYSIS = YES;
				CLANG_WARN_STRICT_PROTOTYPES = YES;
				CLANG_WARN_SUSPICIOUS_MOVE = YES;
				CLANG_WARN_UNGUARDED_AVAILABILITY = YES_AGGRESSIVE;
				CLANG_WARN_UNREACHABLE_CODE = YES;
				CLANG_WARN__DUPLICATE_METHOD_MATCH = YES;
				COPY_PHASE_STRIP = NO;
				DEBUG_INFORMATION_FORMAT = dwarf;
				ENABLE_STRICT_OBJC_MSGSEND = YES;
				ENABLE_TESTABILITY = YES;
				GCC_C_LANGUAGE_STANDARD = gnu11;
				GCC_DYNAMIC_NO_PIC = NO;
				GCC_NO_COMMON_BLOCKS = YES;
				GCC_OPTIMIZATION_LEVEL = 0;
				GCC_PREPROCESSOR_DEFINITIONS = (
					"DEBUG=1",
					"$(inherited)",
				);
				GCC_WARN_64_TO_32_BIT_CONVERSION = YES;
				GCC_WARN_ABOUT_RETURN_TYPE = YES_ERROR;
				GCC_WARN_UNDECLARED_SELECTOR = YES;
				GCC_WARN_UNINITIALIZED_AUTOS = YES_AGGRESSIVE;
				GCC_WARN_UNUSED_FUNCTION = YES;
				GCC_WARN_UNUSED_VARIABLE = YES;
				IPHONEOS_DEPLOYMENT_TARGET = 15.2;
				MTL_ENABLE_DEBUG_INFO = INCLUDE_SOURCE;
				MTL_FAST_MATH = YES;
				ONLY_ACTIVE_ARCH = YES;
				SDKROOT = iphoneos;
				SWIFT_ACTIVE_COMPILATION_CONDITIONS = DEBUG;
				SWIFT_OPTIMIZATION_LEVEL = "-Onone";
			};
			name = Debug;
		};
		E9942F5F27817D7800C12464 /* Release */ = {
			isa = XCBuildConfiguration;
			buildSettings = {
				ALWAYS_SEARCH_USER_PATHS = NO;
				CLANG_ANALYZER_NONNULL = YES;
				CLANG_ANALYZER_NUMBER_OBJECT_CONVERSION = YES_AGGRESSIVE;
				CLANG_CXX_LANGUAGE_STANDARD = "gnu++17";
				CLANG_CXX_LIBRARY = "libc++";
				CLANG_ENABLE_MODULES = YES;
				CLANG_ENABLE_OBJC_ARC = YES;
				CLANG_ENABLE_OBJC_WEAK = YES;
				CLANG_WARN_BLOCK_CAPTURE_AUTORELEASING = YES;
				CLANG_WARN_BOOL_CONVERSION = YES;
				CLANG_WARN_COMMA = YES;
				CLANG_WARN_CONSTANT_CONVERSION = YES;
				CLANG_WARN_DEPRECATED_OBJC_IMPLEMENTATIONS = YES;
				CLANG_WARN_DIRECT_OBJC_ISA_USAGE = YES_ERROR;
				CLANG_WARN_DOCUMENTATION_COMMENTS = YES;
				CLANG_WARN_EMPTY_BODY = YES;
				CLANG_WARN_ENUM_CONVERSION = YES;
				CLANG_WARN_INFINITE_RECURSION = YES;
				CLANG_WARN_INT_CONVERSION = YES;
				CLANG_WARN_NON_LITERAL_NULL_CONVERSION = YES;
				CLANG_WARN_OBJC_IMPLICIT_RETAIN_SELF = YES;
				CLANG_WARN_OBJC_LITERAL_CONVERSION = YES;
				CLANG_WARN_OBJC_ROOT_CLASS = YES_ERROR;
				CLANG_WARN_QUOTED_INCLUDE_IN_FRAMEWORK_HEADER = YES;
				CLANG_WARN_RANGE_LOOP_ANALYSIS = YES;
				CLANG_WARN_STRICT_PROTOTYPES = YES;
				CLANG_WARN_SUSPICIOUS_MOVE = YES;
				CLANG_WARN_UNGUARDED_AVAILABILITY = YES_AGGRESSIVE;
				CLANG_WARN_UNREACHABLE_CODE = YES;
				CLANG_WARN__DUPLICATE_METHOD_MATCH = YES;
				COPY_PHASE_STRIP = NO;
				DEBUG_INFORMATION_FORMAT = "dwarf-with-dsym";
				ENABLE_NS_ASSERTIONS = NO;
				ENABLE_STRICT_OBJC_MSGSEND = YES;
				GCC_C_LANGUAGE_STANDARD = gnu11;
				GCC_NO_COMMON_BLOCKS = YES;
				GCC_WARN_64_TO_32_BIT_CONVERSION = YES;
				GCC_WARN_ABOUT_RETURN_TYPE = YES_ERROR;
				GCC_WARN_UNDECLARED_SELECTOR = YES;
				GCC_WARN_UNINITIALIZED_AUTOS = YES_AGGRESSIVE;
				GCC_WARN_UNUSED_FUNCTION = YES;
				GCC_WARN_UNUSED_VARIABLE = YES;
				IPHONEOS_DEPLOYMENT_TARGET = 15.2;
				MTL_ENABLE_DEBUG_INFO = NO;
				MTL_FAST_MATH = YES;
				SDKROOT = iphoneos;
				SWIFT_COMPILATION_MODE = wholemodule;
				SWIFT_OPTIMIZATION_LEVEL = "-O";
				VALIDATE_PRODUCT = YES;
			};
			name = Release;
		};
		E9942F6127817D7800C12464 /* Debug */ = {
			isa = XCBuildConfiguration;
			buildSettings = {
				ASSETCATALOG_COMPILER_APPICON_NAME = AppIcon;
				ASSETCATALOG_COMPILER_GLOBAL_ACCENT_COLOR_NAME = AccentColor;
				CODE_SIGN_ENTITLEMENTS = CannaShareGroupActivity/CannaShareGroupActivity.entitlements;
				CODE_SIGN_STYLE = Automatic;
				CURRENT_PROJECT_VERSION = 1;
				DEVELOPMENT_TEAM = 6PHWN55R5A;
				GENERATE_INFOPLIST_FILE = YES;
				INFOPLIST_FILE = CannaShareGroupActivity/Info.plist;
				INFOPLIST_KEY_UIApplicationSupportsIndirectInputEvents = YES;
				INFOPLIST_KEY_UILaunchStoryboardName = LaunchScreen;
				INFOPLIST_KEY_UIMainStoryboardFile = Main;
				INFOPLIST_KEY_UISupportedInterfaceOrientations_iPad = "UIInterfaceOrientationPortrait UIInterfaceOrientationPortraitUpsideDown UIInterfaceOrientationLandscapeLeft UIInterfaceOrientationLandscapeRight";
				INFOPLIST_KEY_UISupportedInterfaceOrientations_iPhone = "UIInterfaceOrientationPortrait UIInterfaceOrientationLandscapeLeft UIInterfaceOrientationLandscapeRight";
				LD_RUNPATH_SEARCH_PATHS = (
					"$(inherited)",
					"@executable_path/Frameworks",
				);
				MARKETING_VERSION = 1.0;
				PRODUCT_BUNDLE_IDENTIFIER = com.wylan.apps.CannaShareGroupActivity;
				PRODUCT_NAME = "$(TARGET_NAME)";
				SWIFT_EMIT_LOC_STRINGS = YES;
				SWIFT_VERSION = 5.0;
				TARGETED_DEVICE_FAMILY = "1,2";
			};
			name = Debug;
		};
		E9942F6227817D7800C12464 /* Release */ = {
			isa = XCBuildConfiguration;
			buildSettings = {
				ASSETCATALOG_COMPILER_APPICON_NAME = AppIcon;
				ASSETCATALOG_COMPILER_GLOBAL_ACCENT_COLOR_NAME = AccentColor;
				CODE_SIGN_ENTITLEMENTS = CannaShareGroupActivity/CannaShareGroupActivity.entitlements;
				CODE_SIGN_STYLE = Automatic;
				CURRENT_PROJECT_VERSION = 1;
				DEVELOPMENT_TEAM = 6PHWN55R5A;
				GENERATE_INFOPLIST_FILE = YES;
				INFOPLIST_FILE = CannaShareGroupActivity/Info.plist;
				INFOPLIST_KEY_UIApplicationSupportsIndirectInputEvents = YES;
				INFOPLIST_KEY_UILaunchStoryboardName = LaunchScreen;
				INFOPLIST_KEY_UIMainStoryboardFile = Main;
				INFOPLIST_KEY_UISupportedInterfaceOrientations_iPad = "UIInterfaceOrientationPortrait UIInterfaceOrientationPortraitUpsideDown UIInterfaceOrientationLandscapeLeft UIInterfaceOrientationLandscapeRight";
				INFOPLIST_KEY_UISupportedInterfaceOrientations_iPhone = "UIInterfaceOrientationPortrait UIInterfaceOrientationLandscapeLeft UIInterfaceOrientationLandscapeRight";
				LD_RUNPATH_SEARCH_PATHS = (
					"$(inherited)",
					"@executable_path/Frameworks",
				);
				MARKETING_VERSION = 1.0;
				PRODUCT_BUNDLE_IDENTIFIER = com.wylan.apps.CannaShareGroupActivity;
				PRODUCT_NAME = "$(TARGET_NAME)";
				SWIFT_EMIT_LOC_STRINGS = YES;
				SWIFT_VERSION = 5.0;
				TARGETED_DEVICE_FAMILY = "1,2";
			};
			name = Release;
		};
		E9942F6427817D7800C12464 /* Debug */ = {
			isa = XCBuildConfiguration;
			buildSettings = {
				ALWAYS_EMBED_SWIFT_STANDARD_LIBRARIES = YES;
				BUNDLE_LOADER = "$(TEST_HOST)";
				CODE_SIGN_STYLE = Automatic;
				CURRENT_PROJECT_VERSION = 1;
				DEVELOPMENT_TEAM = L4J4QU6QE4;
				GENERATE_INFOPLIST_FILE = YES;
				IPHONEOS_DEPLOYMENT_TARGET = 15.2;
				MARKETING_VERSION = 1.0;
				PRODUCT_BUNDLE_IDENTIFIER = com.wylan.apps.learning.CannaShareGroupActivityTests;
				PRODUCT_NAME = "$(TARGET_NAME)";
				SWIFT_EMIT_LOC_STRINGS = NO;
				SWIFT_VERSION = 5.0;
				TARGETED_DEVICE_FAMILY = "1,2";
				TEST_HOST = "$(BUILT_PRODUCTS_DIR)/CannaShareGroupActivity.app/CannaShareGroupActivity";
			};
			name = Debug;
		};
		E9942F6527817D7800C12464 /* Release */ = {
			isa = XCBuildConfiguration;
			buildSettings = {
				ALWAYS_EMBED_SWIFT_STANDARD_LIBRARIES = YES;
				BUNDLE_LOADER = "$(TEST_HOST)";
				CODE_SIGN_STYLE = Automatic;
				CURRENT_PROJECT_VERSION = 1;
				DEVELOPMENT_TEAM = L4J4QU6QE4;
				GENERATE_INFOPLIST_FILE = YES;
				IPHONEOS_DEPLOYMENT_TARGET = 15.2;
				MARKETING_VERSION = 1.0;
				PRODUCT_BUNDLE_IDENTIFIER = com.wylan.apps.learning.CannaShareGroupActivityTests;
				PRODUCT_NAME = "$(TARGET_NAME)";
				SWIFT_EMIT_LOC_STRINGS = NO;
				SWIFT_VERSION = 5.0;
				TARGETED_DEVICE_FAMILY = "1,2";
				TEST_HOST = "$(BUILT_PRODUCTS_DIR)/CannaShareGroupActivity.app/CannaShareGroupActivity";
			};
			name = Release;
		};
		E9942F6727817D7800C12464 /* Debug */ = {
			isa = XCBuildConfiguration;
			buildSettings = {
				ALWAYS_EMBED_SWIFT_STANDARD_LIBRARIES = YES;
				CODE_SIGN_STYLE = Automatic;
				CURRENT_PROJECT_VERSION = 1;
				DEVELOPMENT_TEAM = L4J4QU6QE4;
				GENERATE_INFOPLIST_FILE = YES;
				MARKETING_VERSION = 1.0;
				PRODUCT_BUNDLE_IDENTIFIER = com.wylan.apps.learning.CannaShareGroupActivityUITests;
				PRODUCT_NAME = "$(TARGET_NAME)";
				SWIFT_EMIT_LOC_STRINGS = NO;
				SWIFT_VERSION = 5.0;
				TARGETED_DEVICE_FAMILY = "1,2";
				TEST_TARGET_NAME = CannaShareGroupActivity;
			};
			name = Debug;
		};
		E9942F6827817D7800C12464 /* Release */ = {
			isa = XCBuildConfiguration;
			buildSettings = {
				ALWAYS_EMBED_SWIFT_STANDARD_LIBRARIES = YES;
				CODE_SIGN_STYLE = Automatic;
				CURRENT_PROJECT_VERSION = 1;
				DEVELOPMENT_TEAM = L4J4QU6QE4;
				GENERATE_INFOPLIST_FILE = YES;
				MARKETING_VERSION = 1.0;
				PRODUCT_BUNDLE_IDENTIFIER = com.wylan.apps.learning.CannaShareGroupActivityUITests;
				PRODUCT_NAME = "$(TARGET_NAME)";
				SWIFT_EMIT_LOC_STRINGS = NO;
				SWIFT_VERSION = 5.0;
				TARGETED_DEVICE_FAMILY = "1,2";
				TEST_TARGET_NAME = CannaShareGroupActivity;
			};
			name = Release;
		};
/* End XCBuildConfiguration section */

/* Begin XCConfigurationList section */
		E9942F3127817D7600C12464 /* Build configuration list for PBXProject "CannaShareGroupActivity" */ = {
			isa = XCConfigurationList;
			buildConfigurations = (
				E9942F5E27817D7800C12464 /* Debug */,
				E9942F5F27817D7800C12464 /* Release */,
			);
			defaultConfigurationIsVisible = 0;
			defaultConfigurationName = Release;
		};
		E9942F6027817D7800C12464 /* Build configuration list for PBXNativeTarget "CannaShareGroupActivity" */ = {
			isa = XCConfigurationList;
			buildConfigurations = (
				E9942F6127817D7800C12464 /* Debug */,
				E9942F6227817D7800C12464 /* Release */,
			);
			defaultConfigurationIsVisible = 0;
			defaultConfigurationName = Release;
		};
		E9942F6327817D7800C12464 /* Build configuration list for PBXNativeTarget "CannaShareGroupActivityTests" */ = {
			isa = XCConfigurationList;
			buildConfigurations = (
				E9942F6427817D7800C12464 /* Debug */,
				E9942F6527817D7800C12464 /* Release */,
			);
			defaultConfigurationIsVisible = 0;
			defaultConfigurationName = Release;
		};
		E9942F6627817D7800C12464 /* Build configuration list for PBXNativeTarget "CannaShareGroupActivityUITests" */ = {
			isa = XCConfigurationList;
			buildConfigurations = (
				E9942F6727817D7800C12464 /* Debug */,
				E9942F6827817D7800C12464 /* Release */,
			);
			defaultConfigurationIsVisible = 0;
			defaultConfigurationName = Release;
		};
/* End XCConfigurationList section */
	};
	rootObject = E9942F2E27817D7600C12464 /* Project object */;
}
